{
  "version": 2,
  "dependencies": {
    "net10.0": {
      "BlackFox.CommandLine": {
        "type": "Direct",
        "requested": "[1.0.0, )",
        "resolved": "1.0.0",
        "contentHash": "dSW7uLetl021HQXKcZd1xrXPjhsXgaJ5U4tFe64DLja1KZ2Ce6QeugHvZDvLfcPkEc1ZPRF7fWv5/T+X3ThWTA==",
        "dependencies": {
          "FSharp.Core": "4.2.3"
        }
      },
      "DotNet.Glob": {
        "type": "Direct",
        "requested": "[3.1.3, )",
        "resolved": "3.1.3",
        "contentHash": "hOfHw7MLJw/tbXaFwR1oiDb+dIXDp8URTxp5Pco42OOhiw77wrUNx6v6syNygHZbWwYdXQocL2Mo1l5FnfDVjg=="
      },
      "EasyBuild.CommitParser": {
        "type": "Direct",
        "requested": "[3.0.0, )",
        "resolved": "3.0.0",
        "contentHash": "4N8zQ3nXEdmsp8txFrrxz2SbB6ZCQ6/OYDdgrU8G9brUY17s6DYEkPL0tnWdGfjDPufBPO3Uvz4yIB8HonkY4w==",
        "dependencies": {
          "FSharp.Core": "7.0.300",
          "FsToolkit.ErrorHandling": "4.18.0",
          "Thoth.Json.Newtonsoft": "0.1.0"
        }
      },
      "EasyBuild.PackageReleaseNotes.Tasks": {
        "type": "Direct",
        "requested": "[2.0.0, )",
        "resolved": "2.0.0",
        "contentHash": "jebz09lxa6pEJzft9Tr/PSNt5r7AVt5xmX3g4Ra+nLU1qtSrOh+hFgsywGn7fVME3LpbzhlX+2J8F7G9y3PxUQ=="
      },
      "FSharp.Core": {
        "type": "Direct",
        "requested": "[10.0.101, )",
        "resolved": "10.0.101",
        "contentHash": "mrS3J7cLtvXM3u3CmiaFq8oyBdlevzZY1VAAAbFk1gUDQtDEjUOybN5XpQglx5wAgJ0wLdDl6OSSfS7ZDFNcpA=="
      },
      "FsToolkit.ErrorHandling": {
        "type": "Direct",
        "requested": "[5.1.0, )",
        "resolved": "5.1.0",
        "contentHash": "l1bblQhBLLjoHVVxnxDghT8DBjeDQoN1UEEwryvfAoer599C/hnOo0BPcNVP1SpltaWXTjdUZXZyXj0jF6Onbw==",
        "dependencies": {
          "FSharp.Core": "9.0.300"
        }
      },
      "Microsoft.Extensions.FileSystemGlobbing": {
        "type": "Direct",
        "requested": "[10.0.1, )",
        "resolved": "10.0.1",
        "contentHash": "49dFvGJjLSwGn76eHnP1gBvCJkL8HRYpCrG0DCvsP6wRpEQRLN2Fq8rTxbP+6jS7jmYKCnSVO5C65v4mT3rzeA=="
      },
      "Semver": {
        "type": "Direct",
        "requested": "[3.0.0, )",
        "resolved": "3.0.0",
        "contentHash": "9jZCicsVgTebqkAujRWtC9J1A5EQVlu0TVKHcgoCuv345ve5DYf4D1MjhKEnQjdRZo6x/vdv6QQrYFs7ilGzLA==",
        "dependencies": {
          "Microsoft.Extensions.Primitives": "5.0.1"
        }
      },
      "SimpleExec": {
        "type": "Direct",
        "requested": "[13.0.0, )",
        "resolved": "13.0.0",
        "contentHash": "zcCR1pupa1wI1VqBULRiQKeHKKZOuJhi/K+4V5oO+rHJZlaOD53ViFo1c3PavDoMAfSn/FAXGAWpPoF57rwhYg=="
      },
      "Spectre.Console.Cli": {
        "type": "Direct",
        "requested": "[0.53.1, )",
        "resolved": "0.53.1",
        "contentHash": "y//7ZZ0shhvgXzoJXJzMaLGA4dPem8qCbkyv9khfE8NQDlH4hPVsHOHYoz6uzAwiTX9Yd7OnX3wNOX/wRfPUOg==",
        "dependencies": {
          "Spectre.Console": "0.53.1"
        }
      },
      "Thoth.Json.System.Text.Json": {
        "type": "Direct",
        "requested": "[0.2.2, )",
        "resolved": "0.2.2",
        "contentHash": "zz4wjxfMZ/OmxbD7UUBgBvijjDC7Twpv/mNPhxql3NK24oGvFhLmJOrmDelvqhYBhgfQcF31hgDAYNXKPHfHsg==",
        "dependencies": {
          "FSharp.Core": "5.0.2",
          "Thoth.Json.Core": "0.7.1"
        }
      },
      "YamlDotNet": {
        "type": "Direct",
        "requested": "[16.3.0, )",
        "resolved": "16.3.0",
        "contentHash": "SgMOdxbz8X65z8hraIs6hOEdnkH6hESTAIUa7viEngHOYaH+6q5XJmwr1+yb9vJpNQ19hCQY69xbFsLtXpobQA=="
      },
      "Fable.Core": {
        "type": "Transitive",
        "resolved": "4.1.0",
        "contentHash": "NISAbAVGEcvH2s+vHLSOCzh98xMYx4aIadWacQdWPcQLploxpSQXLEe9SeszUBhbHa73KMiKREsH4/W3q4A4iA=="
      },
      "Microsoft.Extensions.Primitives": {
        "type": "Transitive",
        "resolved": "5.0.1",
        "contentHash": "5WPSmL4YeP7eW+Vc8XZ4DwjYWBAiSwDV9Hm63JJWcz1Ie3Xjv4KuJXzgCstj48LkLfVCYa7mLcx7y+q6yqVvtw=="
      },
      "Newtonsoft.Json": {
        "type": "Transitive",
        "resolved": "13.0.1",
        "contentHash": "ppPFpBcvxdsfUonNcvITKqLl3bqxWbDCZIzDWHzjpdAHRFfZe0Dw9HmA0+za13IdyrgJwpkDTDA9fHaxOrt20A=="
      },
      "Spectre.Console": {
        "type": "Transitive",
        "resolved": "0.53.1",
        "contentHash": "wNLoytZpc7brgH3V9ZmrRyQqplOQUnNkEu1qSjRnEa0KOGvWAxgdEG6jmFTfyXKzO7p1pTLBHYH+AgxsWi69Cg=="
      },
      "Thoth.Json.Core": {
        "type": "Transitive",
        "resolved": "0.7.1",
        "contentHash": "p9wXlx1j+mYTVCfhW91j05r7vyt2mwQKy3mOEdDrwGQu0ew3BjuOyfztzgKhdc9gGlfHrZiMyNCCJ2bCmOMp1w==",
        "dependencies": {
          "FSharp.Core": "5.0.2"
        }
      },
      "Thoth.Json.Newtonsoft": {
        "type": "Transitive",
        "resolved": "0.1.0",
        "contentHash": "i64dDASv8UY8oPNwvcF7UTLvXYL2C3PaTeNQ8s8Woy/pNTKud616//+0V858wcS2PyunVnyQeuiND4bfvMujhQ==",
        "dependencies": {
          "FSharp.Core": "5.0.0",
          "Fable.Core": "4.1.0",
          "Newtonsoft.Json": "13.0.1",
          "Thoth.Json.Core": "0.1.0"
        }
      }
    }
  }
}